{
  "version": 4,
  "terraform_version": "1.5.5",
  "serial": 28,
  "lineage": "d5a5fa69-1149-a463-02a3-80d35331c422",
  "outputs": {},
  "resources": [
    {
      "mode": "data",
      "type": "vsphere_compute_cluster",
      "name": "cluster",
      "provider": "provider[\"registry.terraform.io/hashicorp/vsphere\"]",
      "instances": [
        {
          "schema_version": 0,
          "attributes": {
            "datacenter_id": "datacenter-1001",
            "id": "domain-c1016",
            "name": "Anthos",
            "resource_pool_id": "resgroup-1017"
          },
          "sensitive_attributes": []
        }
      ]
    },
    {
      "mode": "data",
      "type": "vsphere_datacenter",
      "name": "datacenter",
      "provider": "provider[\"registry.terraform.io/hashicorp/vsphere\"]",
      "instances": [
        {
          "schema_version": 0,
          "attributes": {
            "id": "datacenter-1001",
            "name": "GooseHQ"
          },
          "sensitive_attributes": []
        }
      ]
    },
    {
      "mode": "data",
      "type": "vsphere_datastore",
      "name": "datastore",
      "provider": "provider[\"registry.terraform.io/hashicorp/vsphere\"]",
      "instances": [
        {
          "schema_version": 0,
          "attributes": {
            "datacenter_id": "datacenter-1001",
            "id": "datastore-1011",
            "name": "BaracudaRaid0"
          },
          "sensitive_attributes": []
        }
      ]
    },
    {
      "mode": "data",
      "type": "vsphere_network",
      "name": "network",
      "provider": "provider[\"registry.terraform.io/hashicorp/vsphere\"]",
      "instances": [
        {
          "schema_version": 0,
          "attributes": {
            "datacenter_id": "datacenter-1001",
            "distributed_virtual_switch_uuid": null,
            "id": "network-1012",
            "name": "VM Network",
            "type": "Network"
          },
          "sensitive_attributes": []
        }
      ]
    },
    {
      "mode": "data",
      "type": "vsphere_virtual_machine",
      "name": "master_template",
      "provider": "provider[\"registry.terraform.io/hashicorp/vsphere\"]",
      "instances": [
        {
          "schema_version": 0,
          "attributes": {
            "alternate_guest_name": "",
            "annotation": "",
            "boot_delay": 0,
            "boot_retry_delay": 10000,
            "boot_retry_enabled": false,
            "change_version": "2023-09-13T17:58:07.266235Z",
            "cpu_hot_add_enabled": false,
            "cpu_hot_remove_enabled": false,
            "cpu_limit": -1,
            "cpu_performance_counters_enabled": false,
            "cpu_reservation": 0,
            "cpu_share_count": 1000,
            "cpu_share_level": "normal",
            "datacenter_id": "datacenter-1001",
            "default_ip_address": null,
            "disks": [
              {
                "eagerly_scrub": false,
                "label": "Hard disk 1",
                "size": 10,
                "thin_provisioned": true,
                "unit_number": 0
              }
            ],
            "efi_secure_boot_enabled": false,
            "enable_disk_uuid": false,
            "enable_logging": true,
            "ept_rvi_mode": "automatic",
            "extra_config": {},
            "extra_config_reboot_required": true,
            "firmware": "bios",
            "guest_id": "other4xLinux64Guest",
            "guest_ip_addresses": [],
            "hardware_version": 19,
            "hv_mode": "hvAuto",
            "id": "421c6599-6b08-816e-2bc9-54d705e15b39",
            "ide_controller_scan_count": 2,
            "latency_sensitivity": "normal",
            "memory": 8192,
            "memory_hot_add_enabled": false,
            "memory_limit": -1,
            "memory_reservation": 8192,
            "memory_share_count": 320,
            "memory_share_level": "normal",
            "moid": "vm-8012",
            "name": "k3os-server-template",
            "nested_hv_enabled": false,
            "network_interface_types": [
              "vmxnet3"
            ],
            "network_interfaces": [
              {
                "adapter_type": "vmxnet3",
                "bandwidth_limit": -1,
                "bandwidth_reservation": 0,
                "bandwidth_share_count": 50,
                "bandwidth_share_level": "normal",
                "mac_address": "00:50:56:9c:5e:d1",
                "network_id": "network-1012"
              }
            ],
            "num_cores_per_socket": 1,
            "num_cpus": 4,
            "replace_trigger": null,
            "run_tools_scripts_after_power_on": true,
            "run_tools_scripts_after_resume": true,
            "run_tools_scripts_before_guest_reboot": false,
            "run_tools_scripts_before_guest_shutdown": true,
            "run_tools_scripts_before_guest_standby": true,
            "sata_controller_scan_count": 0,
            "scsi_bus_sharing": "noSharing",
            "scsi_controller_scan_count": 1,
            "scsi_type": "pvscsi",
            "storage_policy_id": null,
            "swap_placement_policy": "inherit",
            "sync_time_with_host": true,
            "sync_time_with_host_periodically": false,
            "tools_upgrade_policy": "manual",
            "uuid": "421c6599-6b08-816e-2bc9-54d705e15b39",
            "vapp": null,
            "vapp_transport": [],
            "vbs_enabled": false,
            "vvtd_enabled": false
          },
          "sensitive_attributes": []
        }
      ]
    },
    {
      "mode": "managed",
      "type": "vsphere_folder",
      "name": "folder",
      "provider": "provider[\"registry.terraform.io/hashicorp/vsphere\"]",
      "instances": [
        {
          "schema_version": 1,
          "attributes": {
            "custom_attributes": {},
            "datacenter_id": "datacenter-1001",
            "id": "group-v8013",
            "path": "k8s",
            "tags": [],
            "type": "vm"
          },
          "sensitive_attributes": [],
          "private": "eyJzY2hlbWFfdmVyc2lvbiI6IjEifQ==",
          "dependencies": [
            "data.vsphere_datacenter.datacenter"
          ]
        }
      ]
    },
    {
      "mode": "managed",
      "type": "vsphere_virtual_machine",
      "name": "k3os-master",
      "provider": "provider[\"registry.terraform.io/hashicorp/vsphere\"]",
      "instances": [
        {
          "index_key": 0,
          "status": "tainted",
          "schema_version": 3,
          "attributes": {
            "alternate_guest_name": "",
            "annotation": "",
            "boot_delay": 0,
            "boot_retry_delay": 10000,
            "boot_retry_enabled": false,
            "cdrom": [],
            "change_version": "2023-09-21T00:35:46.433589Z",
            "clone": [
              {
                "customize": [],
                "linked_clone": false,
                "ovf_network_map": null,
                "ovf_storage_map": null,
                "template_uuid": "421c6599-6b08-816e-2bc9-54d705e15b39",
                "timeout": 30
              }
            ],
            "cpu_hot_add_enabled": false,
            "cpu_hot_remove_enabled": false,
            "cpu_limit": -1,
            "cpu_performance_counters_enabled": false,
            "cpu_reservation": 0,
            "cpu_share_count": 4000,
            "cpu_share_level": "normal",
            "custom_attributes": null,
            "datacenter_id": null,
            "datastore_cluster_id": null,
            "datastore_id": "datastore-1011",
            "default_ip_address": "192.168.50.76",
            "disk": [
              {
                "attach": false,
                "controller_type": "scsi",
                "datastore_id": "datastore-1011",
                "device_address": "scsi:0:0",
                "disk_mode": "persistent",
                "disk_sharing": "sharingNone",
                "eagerly_scrub": false,
                "io_limit": -1,
                "io_reservation": 0,
                "io_share_count": 1000,
                "io_share_level": "normal",
                "keep_on_remove": false,
                "key": 2000,
                "label": "k3os-alpha-master-01-0-disk",
                "path": "k3os-alpha-master-01-0/k3os-alpha-master-01-0.vmdk",
                "size": 20,
                "storage_policy_id": "",
                "thin_provisioned": true,
                "unit_number": 0,
                "uuid": "6000C29b-97ca-147a-bb76-0a7ed1ad7448",
                "write_through": false
              }
            ],
            "efi_secure_boot_enabled": false,
            "enable_disk_uuid": false,
            "enable_logging": false,
            "ept_rvi_mode": "automatic",
            "extra_config": null,
            "extra_config_reboot_required": true,
            "firmware": "bios",
            "folder": "k8s",
            "force_power_off": true,
            "guest_id": "other4xLinux64Guest",
            "guest_ip_addresses": [
              "192.168.50.76",
              "2403:6200:89a8:5166:250:56ff:fe9c:189",
              "fe80::250:56ff:fe9c:189"
            ],
            "hardware_version": 19,
            "host_system_id": "host-1008",
            "hv_mode": "hvAuto",
            "id": "421ce733-bd63-ab98-2bd4-5068b987eef3",
            "ide_controller_count": 2,
            "ignored_guest_ips": null,
            "imported": null,
            "latency_sensitivity": "normal",
            "memory": 16384,
            "memory_hot_add_enabled": false,
            "memory_limit": -1,
            "memory_reservation": 0,
            "memory_share_count": 163840,
            "memory_share_level": "normal",
            "migrate_wait_timeout": 30,
            "moid": "vm-8028",
            "name": "k3os-alpha-master-01-0",
            "nested_hv_enabled": false,
            "network_interface": [
              {
                "adapter_type": "vmxnet3",
                "bandwidth_limit": -1,
                "bandwidth_reservation": 0,
                "bandwidth_share_count": 50,
                "bandwidth_share_level": "normal",
                "device_address": "pci:0:7",
                "key": 4000,
                "mac_address": "00:50:56:9c:01:89",
                "network_id": "network-1012",
                "ovf_mapping": "",
                "use_static_mac": false
              }
            ],
            "num_cores_per_socket": 4,
            "num_cpus": 4,
            "ovf_deploy": [],
            "pci_device_id": null,
            "power_state": "on",
            "poweron_timeout": 300,
            "reboot_required": false,
            "replace_trigger": null,
            "resource_pool_id": "resgroup-1017",
            "run_tools_scripts_after_power_on": true,
            "run_tools_scripts_after_resume": true,
            "run_tools_scripts_before_guest_reboot": false,
            "run_tools_scripts_before_guest_shutdown": true,
            "run_tools_scripts_before_guest_standby": true,
            "sata_controller_count": 0,
            "scsi_bus_sharing": "noSharing",
            "scsi_controller_count": 1,
            "scsi_type": "pvscsi",
            "shutdown_wait_timeout": 3,
            "storage_policy_id": "",
            "swap_placement_policy": "inherit",
            "sync_time_with_host": false,
            "sync_time_with_host_periodically": false,
            "tags": null,
            "tools_upgrade_policy": "manual",
            "uuid": "421ce733-bd63-ab98-2bd4-5068b987eef3",
            "vapp": [],
            "vapp_transport": [],
            "vbs_enabled": false,
            "vmware_tools_status": "guestToolsRunning",
            "vmx_path": "k3os-alpha-master-01-0/k3os-alpha-master-01-0.vmx",
            "vvtd_enabled": false,
            "wait_for_guest_ip_timeout": 0,
            "wait_for_guest_net_routable": true,
            "wait_for_guest_net_timeout": 5
          },
          "sensitive_attributes": [],
          "private": "eyJzY2hlbWFfdmVyc2lvbiI6IjMifQ==",
          "dependencies": [
            "data.vsphere_compute_cluster.cluster",
            "data.vsphere_datastore.datastore",
            "data.vsphere_network.network",
            "data.vsphere_virtual_machine.master_template",
            "vsphere_folder.folder"
          ]
        },
        {
          "index_key": 1,
          "status": "tainted",
          "schema_version": 3,
          "attributes": {
            "alternate_guest_name": null,
            "annotation": null,
            "boot_delay": null,
            "boot_retry_delay": 10000,
            "boot_retry_enabled": null,
            "cdrom": [],
            "change_version": null,
            "clone": [
              {
                "customize": [],
                "linked_clone": false,
                "ovf_network_map": null,
                "ovf_storage_map": null,
                "template_uuid": "421c6599-6b08-816e-2bc9-54d705e15b39",
                "timeout": 30
              }
            ],
            "cpu_hot_add_enabled": null,
            "cpu_hot_remove_enabled": null,
            "cpu_limit": -1,
            "cpu_performance_counters_enabled": null,
            "cpu_reservation": null,
            "cpu_share_count": null,
            "cpu_share_level": "normal",
            "custom_attributes": null,
            "datacenter_id": null,
            "datastore_cluster_id": null,
            "datastore_id": "datastore-1011",
            "default_ip_address": null,
            "disk": [
              {
                "attach": false,
                "controller_type": "scsi",
                "datastore_id": "datastore-1011",
                "device_address": "scsi:0:0",
                "disk_mode": "persistent",
                "disk_sharing": "sharingNone",
                "eagerly_scrub": false,
                "io_limit": -1,
                "io_reservation": 0,
                "io_share_count": 1000,
                "io_share_level": "normal",
                "keep_on_remove": false,
                "key": 2000,
                "label": "k3os-alpha-master-01-1-disk",
                "path": "k3os-alpha-master-01-1/k3os-alpha-master-01-1.vmdk",
                "size": 20,
                "storage_policy_id": "",
                "thin_provisioned": true,
                "unit_number": 0,
                "uuid": "6000C298-16c1-e83b-dcf7-57fa7551bc1c",
                "write_through": false
              }
            ],
            "efi_secure_boot_enabled": null,
            "enable_disk_uuid": null,
            "enable_logging": null,
            "ept_rvi_mode": "automatic",
            "extra_config": null,
            "extra_config_reboot_required": true,
            "firmware": "bios",
            "folder": "k8s",
            "force_power_off": true,
            "guest_id": "other4xLinux64Guest",
            "guest_ip_addresses": null,
            "hardware_version": null,
            "host_system_id": null,
            "hv_mode": "hvAuto",
            "id": "421c0fb3-68ac-a3a9-81cc-b8ab95076953",
            "ide_controller_count": 2,
            "ignored_guest_ips": null,
            "imported": null,
            "latency_sensitivity": "normal",
            "memory": 16384,
            "memory_hot_add_enabled": null,
            "memory_limit": -1,
            "memory_reservation": null,
            "memory_share_count": null,
            "memory_share_level": "normal",
            "migrate_wait_timeout": 30,
            "moid": null,
            "name": "k3os-alpha-master-01-1",
            "nested_hv_enabled": null,
            "network_interface": [
              {
                "adapter_type": "vmxnet3",
                "bandwidth_limit": -1,
                "bandwidth_reservation": 0,
                "bandwidth_share_count": 0,
                "bandwidth_share_level": "normal",
                "device_address": "pci:0:7",
                "key": 4000,
                "mac_address": "",
                "network_id": "network-1012",
                "ovf_mapping": "",
                "use_static_mac": false
              }
            ],
            "num_cores_per_socket": 8,
            "num_cpus": 4,
            "ovf_deploy": [],
            "pci_device_id": null,
            "power_state": null,
            "poweron_timeout": 300,
            "reboot_required": true,
            "replace_trigger": null,
            "resource_pool_id": "resgroup-1017",
            "run_tools_scripts_after_power_on": true,
            "run_tools_scripts_after_resume": true,
            "run_tools_scripts_before_guest_reboot": null,
            "run_tools_scripts_before_guest_shutdown": true,
            "run_tools_scripts_before_guest_standby": true,
            "sata_controller_count": 0,
            "scsi_bus_sharing": "noSharing",
            "scsi_controller_count": 1,
            "scsi_type": "pvscsi",
            "shutdown_wait_timeout": 3,
            "storage_policy_id": null,
            "swap_placement_policy": "inherit",
            "sync_time_with_host": null,
            "sync_time_with_host_periodically": null,
            "tags": null,
            "tools_upgrade_policy": "manual",
            "uuid": null,
            "vapp": [],
            "vapp_transport": null,
            "vbs_enabled": null,
            "vmware_tools_status": null,
            "vmx_path": null,
            "vvtd_enabled": null,
            "wait_for_guest_ip_timeout": 0,
            "wait_for_guest_net_routable": true,
            "wait_for_guest_net_timeout": 5
          },
          "sensitive_attributes": [],
          "private": "eyJzY2hlbWFfdmVyc2lvbiI6IjMifQ==",
          "dependencies": [
            "data.vsphere_compute_cluster.cluster",
            "data.vsphere_datastore.datastore",
            "data.vsphere_network.network",
            "data.vsphere_virtual_machine.master_template",
            "vsphere_folder.folder"
          ]
        },
        {
          "index_key": 2,
          "status": "tainted",
          "schema_version": 3,
          "attributes": {
            "alternate_guest_name": null,
            "annotation": null,
            "boot_delay": null,
            "boot_retry_delay": 10000,
            "boot_retry_enabled": null,
            "cdrom": [],
            "change_version": null,
            "clone": [
              {
                "customize": [],
                "linked_clone": false,
                "ovf_network_map": null,
                "ovf_storage_map": null,
                "template_uuid": "421c6599-6b08-816e-2bc9-54d705e15b39",
                "timeout": 30
              }
            ],
            "cpu_hot_add_enabled": null,
            "cpu_hot_remove_enabled": null,
            "cpu_limit": -1,
            "cpu_performance_counters_enabled": null,
            "cpu_reservation": null,
            "cpu_share_count": null,
            "cpu_share_level": "normal",
            "custom_attributes": null,
            "datacenter_id": null,
            "datastore_cluster_id": null,
            "datastore_id": "datastore-1011",
            "default_ip_address": null,
            "disk": [
              {
                "attach": false,
                "controller_type": "scsi",
                "datastore_id": "datastore-1011",
                "device_address": "scsi:0:0",
                "disk_mode": "persistent",
                "disk_sharing": "sharingNone",
                "eagerly_scrub": false,
                "io_limit": -1,
                "io_reservation": 0,
                "io_share_count": 1000,
                "io_share_level": "normal",
                "keep_on_remove": false,
                "key": 2000,
                "label": "k3os-alpha-master-01-2-disk",
                "path": "k3os-alpha-master-01-2/k3os-alpha-master-01-2.vmdk",
                "size": 20,
                "storage_policy_id": "",
                "thin_provisioned": true,
                "unit_number": 0,
                "uuid": "6000C29a-bad1-c10c-6147-8dc022b89922",
                "write_through": false
              }
            ],
            "efi_secure_boot_enabled": null,
            "enable_disk_uuid": null,
            "enable_logging": null,
            "ept_rvi_mode": "automatic",
            "extra_config": null,
            "extra_config_reboot_required": true,
            "firmware": "bios",
            "folder": "k8s",
            "force_power_off": true,
            "guest_id": "other4xLinux64Guest",
            "guest_ip_addresses": null,
            "hardware_version": null,
            "host_system_id": null,
            "hv_mode": "hvAuto",
            "id": "421c4c75-7cb3-d770-a40d-23e2386dd3a9",
            "ide_controller_count": 2,
            "ignored_guest_ips": null,
            "imported": null,
            "latency_sensitivity": "normal",
            "memory": 16384,
            "memory_hot_add_enabled": null,
            "memory_limit": -1,
            "memory_reservation": null,
            "memory_share_count": null,
            "memory_share_level": "normal",
            "migrate_wait_timeout": 30,
            "moid": null,
            "name": "k3os-alpha-master-01-2",
            "nested_hv_enabled": null,
            "network_interface": [
              {
                "adapter_type": "vmxnet3",
                "bandwidth_limit": -1,
                "bandwidth_reservation": 0,
                "bandwidth_share_count": 0,
                "bandwidth_share_level": "normal",
                "device_address": "pci:0:7",
                "key": 4000,
                "mac_address": "",
                "network_id": "network-1012",
                "ovf_mapping": "",
                "use_static_mac": false
              }
            ],
            "num_cores_per_socket": 8,
            "num_cpus": 4,
            "ovf_deploy": [],
            "pci_device_id": null,
            "power_state": null,
            "poweron_timeout": 300,
            "reboot_required": true,
            "replace_trigger": null,
            "resource_pool_id": "resgroup-1017",
            "run_tools_scripts_after_power_on": true,
            "run_tools_scripts_after_resume": true,
            "run_tools_scripts_before_guest_reboot": null,
            "run_tools_scripts_before_guest_shutdown": true,
            "run_tools_scripts_before_guest_standby": true,
            "sata_controller_count": 0,
            "scsi_bus_sharing": "noSharing",
            "scsi_controller_count": 1,
            "scsi_type": "pvscsi",
            "shutdown_wait_timeout": 3,
            "storage_policy_id": null,
            "swap_placement_policy": "inherit",
            "sync_time_with_host": null,
            "sync_time_with_host_periodically": null,
            "tags": null,
            "tools_upgrade_policy": "manual",
            "uuid": null,
            "vapp": [],
            "vapp_transport": null,
            "vbs_enabled": null,
            "vmware_tools_status": null,
            "vmx_path": null,
            "vvtd_enabled": null,
            "wait_for_guest_ip_timeout": 0,
            "wait_for_guest_net_routable": true,
            "wait_for_guest_net_timeout": 5
          },
          "sensitive_attributes": [],
          "private": "eyJzY2hlbWFfdmVyc2lvbiI6IjMifQ==",
          "dependencies": [
            "data.vsphere_compute_cluster.cluster",
            "data.vsphere_datastore.datastore",
            "data.vsphere_network.network",
            "data.vsphere_virtual_machine.master_template",
            "vsphere_folder.folder"
          ]
        }
      ]
    }
  ],
  "check_results": null
}
